// !$*UTF8*$!
{
	archiveVersion = 1;
	classes = {
	};
	objectVersion = 56;
	objects = {

/* Begin PBXBuildFile section */
		C2AF32522C5D099800B5A315 /* AppDelegate.swift in Sources */ = {isa = PBXBuildFile; fileRef = C2AF32512C5D099800B5A315 /* AppDelegate.swift */; };
		C2AF32542C5D099800B5A315 /* SceneDelegate.swift in Sources */ = {isa = PBXBuildFile; fileRef = C2AF32532C5D099800B5A315 /* SceneDelegate.swift */; };
		C2AF32562C5D099800B5A315 /* ViewController.swift in Sources */ = {isa = PBXBuildFile; fileRef = C2AF32552C5D099800B5A315 /* ViewController.swift */; };
		C2AF325B2C5D099900B5A315 /* Assets.xcassets in Resources */ = {isa = PBXBuildFile; fileRef = C2AF325A2C5D099900B5A315 /* Assets.xcassets */; };
		C2AF325E2C5D099900B5A315 /* LaunchScreen.storyboard in Resources */ = {isa = PBXBuildFile; fileRef = C2AF325C2C5D099900B5A315 /* LaunchScreen.storyboard */; };
		C2B1EB222C8C4DF200871BB7 /* UISearchBar+ScopeBar.swift in Sources */ = {isa = PBXBuildFile; fileRef = C2B1EB212C8C4DF200871BB7 /* UISearchBar+ScopeBar.swift */; };
		C2B1EB242C8C4E0300871BB7 /* UISearchBar+ScopeBarContainerView.swift in Sources */ = {isa = PBXBuildFile; fileRef = C2B1EB232C8C4E0300871BB7 /* UISearchBar+ScopeBarContainerView.swift */; };
		C2B1EB272C8C4E1A00871BB7 /* TagsView.swift in Sources */ = {isa = PBXBuildFile; fileRef = C2B1EB262C8C4E1A00871BB7 /* TagsView.swift */; };
		C2B1EB2A2C8C4E3700871BB7 /* UISegmentedControl+SetTitles.swift in Sources */ = {isa = PBXBuildFile; fileRef = C2B1EB292C8C4E3700871BB7 /* UISegmentedControl+SetTitles.swift */; };
		C2B1EB2C2C8C4E6A00871BB7 /* TaggedSearchController.swift in Sources */ = {isa = PBXBuildFile; fileRef = C2B1EB2B2C8C4E6A00871BB7 /* TaggedSearchController.swift */; };
		C2B1EB2E2C8C4EA500871BB7 /* TaggedSearchBar.swift in Sources */ = {isa = PBXBuildFile; fileRef = C2B1EB2D2C8C4EA500871BB7 /* TaggedSearchBar.swift */; };
/* End PBXBuildFile section */

/* Begin PBXFileReference section */
		C2AF324E2C5D099800B5A315 /* Apple-Music-Search-Chips-Demo.app */ = {isa = PBXFileReference; explicitFileType = wrapper.application; includeInIndex = 0; path = "Apple-Music-Search-Chips-Demo.app"; sourceTree = BUILT_PRODUCTS_DIR; };
		C2AF32512C5D099800B5A315 /* AppDelegate.swift */ = {isa = PBXFileReference; lastKnownFileType = sourcecode.swift; path = AppDelegate.swift; sourceTree = "<group>"; };
		C2AF32532C5D099800B5A315 /* SceneDelegate.swift */ = {isa = PBXFileReference; lastKnownFileType = sourcecode.swift; path = SceneDelegate.swift; sourceTree = "<group>"; };
		C2AF32552C5D099800B5A315 /* ViewController.swift */ = {isa = PBXFileReference; lastKnownFileType = sourcecode.swift; path = ViewController.swift; sourceTree = "<group>"; };
		C2AF325A2C5D099900B5A315 /* Assets.xcassets */ = {isa = PBXFileReference; lastKnownFileType = folder.assetcatalog; path = Assets.xcassets; sourceTree = "<group>"; };
		C2AF325D2C5D099900B5A315 /* Base */ = {isa = PBXFileReference; lastKnownFileType = file.storyboard; name = Base; path = Base.lproj/LaunchScreen.storyboard; sourceTree = "<group>"; };
		C2AF325F2C5D099900B5A315 /* Info.plist */ = {isa = PBXFileReference; lastKnownFileType = text.plist.xml; path = Info.plist; sourceTree = "<group>"; };
		C2B1EB212C8C4DF200871BB7 /* UISearchBar+ScopeBar.swift */ = {isa = PBXFileReference; lastKnownFileType = sourcecode.swift; path = "UISearchBar+ScopeBar.swift"; sourceTree = "<group>"; };
		C2B1EB232C8C4E0300871BB7 /* UISearchBar+ScopeBarContainerView.swift */ = {isa = PBXFileReference; lastKnownFileType = sourcecode.swift; path = "UISearchBar+ScopeBarContainerView.swift"; sourceTree = "<group>"; };
		C2B1EB262C8C4E1A00871BB7 /* TagsView.swift */ = {isa = PBXFileReference; lastKnownFileType = sourcecode.swift; path = TagsView.swift; sourceTree = "<group>"; };
		C2B1EB292C8C4E3700871BB7 /* UISegmentedControl+SetTitles.swift */ = {isa = PBXFileReference; lastKnownFileType = sourcecode.swift; path = "UISegmentedControl+SetTitles.swift"; sourceTree = "<group>"; };
		C2B1EB2B2C8C4E6A00871BB7 /* TaggedSearchController.swift */ = {isa = PBXFileReference; lastKnownFileType = sourcecode.swift; path = TaggedSearchController.swift; sourceTree = "<group>"; };
		C2B1EB2D2C8C4EA500871BB7 /* TaggedSearchBar.swift */ = {isa = PBXFileReference; lastKnownFileType = sourcecode.swift; path = TaggedSearchBar.swift; sourceTree = "<group>"; };
/* End PBXFileReference section */

/* Begin PBXFrameworksBuildPhase section */
		C2AF324B2C5D099800B5A315 /* Frameworks */ = {
			isa = PBXFrameworksBuildPhase;
			buildActionMask = 2147483647;
			files = (
			);
			runOnlyForDeploymentPostprocessing = 0;
		};
/* End PBXFrameworksBuildPhase section */

/* Begin PBXGroup section */
		C2AF32452C5D099800B5A315 = {
			isa = PBXGroup;
			children = (
				C2AF32502C5D099800B5A315 /* Apple-Music-Search-Chips-Demo */,
				C2AF324F2C5D099800B5A315 /* Products */,
			);
			sourceTree = "<group>";
		};
		C2AF324F2C5D099800B5A315 /* Products */ = {
			isa = PBXGroup;
			children = (
				C2AF324E2C5D099800B5A315 /* Apple-Music-Search-Chips-Demo.app */,
			);
			name = Products;
			sourceTree = "<group>";
		};
		C2AF32502C5D099800B5A315 /* Apple-Music-Search-Chips-Demo */ = {
			isa = PBXGroup;
			children = (
				C2B1EB1F2C8C4DB500871BB7 /* Base */,
				C2B1EB282C8C4E1D00871BB7 /* Views */,
				C2B1EB202C8C4DBA00871BB7 /* View Controllers */,
				C2B1EB1E2C8C4DAB00871BB7 /* Supporting Files */,
				C2B1EB252C8C4E0600871BB7 /* Extensions */,
			);
			path = "Apple-Music-Search-Chips-Demo";
			sourceTree = "<group>";
		};
		C2B1EB1E2C8C4DAB00871BB7 /* Supporting Files */ = {
			isa = PBXGroup;
			children = (
				C2AF325A2C5D099900B5A315 /* Assets.xcassets */,
				C2AF325C2C5D099900B5A315 /* LaunchScreen.storyboard */,
				C2AF325F2C5D099900B5A315 /* Info.plist */,
			);
			path = "Supporting Files";
			sourceTree = "<group>";
		};
		C2B1EB1F2C8C4DB500871BB7 /* Base */ = {
			isa = PBXGroup;
			children = (
				C2AF32512C5D099800B5A315 /* AppDelegate.swift */,
				C2AF32532C5D099800B5A315 /* SceneDelegate.swift */,
			);
			path = Base;
			sourceTree = "<group>";
		};
		C2B1EB202C8C4DBA00871BB7 /* View Controllers */ = {
			isa = PBXGroup;
			children = (
				C2AF32552C5D099800B5A315 /* ViewController.swift */,
				C2B1EB2B2C8C4E6A00871BB7 /* TaggedSearchController.swift */,
			);
			path = "View Controllers";
			sourceTree = "<group>";
		};
		C2B1EB252C8C4E0600871BB7 /* Extensions */ = {
			isa = PBXGroup;
			children = (
				C2B1EB212C8C4DF200871BB7 /* UISearchBar+ScopeBar.swift */,
				C2B1EB232C8C4E0300871BB7 /* UISearchBar+ScopeBarContainerView.swift */,
				C2B1EB292C8C4E3700871BB7 /* UISegmentedControl+SetTitles.swift */,
			);
			path = Extensions;
			sourceTree = "<group>";
		};
		C2B1EB282C8C4E1D00871BB7 /* Views */ = {
			isa = PBXGroup;
			children = (
				C2B1EB262C8C4E1A00871BB7 /* TagsView.swift */,
				C2B1EB2D2C8C4EA500871BB7 /* TaggedSearchBar.swift */,
			);
			path = Views;
			sourceTree = "<group>";
		};
/* End PBXGroup section */

/* Begin PBXNativeTarget section */
		C2AF324D2C5D099800B5A315 /* Apple-Music-Search-Chips-Demo */ = {
			isa = PBXNativeTarget;
			buildConfigurationList = C2AF32622C5D099900B5A315 /* Build configuration list for PBXNativeTarget "Apple-Music-Search-Chips-Demo" */;
			buildPhases = (
				C2AF324A2C5D099800B5A315 /* Sources */,
				C2AF324B2C5D099800B5A315 /* Frameworks */,
				C2AF324C2C5D099800B5A315 /* Resources */,
			);
			buildRules = (
			);
			dependencies = (
			);
			name = "Apple-Music-Search-Chips-Demo";
			productName = "Apple-Music-Search-Chips-Demo";
			productReference = C2AF324E2C5D099800B5A315 /* Apple-Music-Search-Chips-Demo.app */;
			productType = "com.apple.product-type.application";
		};
/* End PBXNativeTarget section */

/* Begin PBXProject section */
		C2AF32462C5D099800B5A315 /* Project object */ = {
			isa = PBXProject;
			attributes = {
				BuildIndependentTargetsInParallel = 1;
				LastSwiftUpdateCheck = 1500;
				LastUpgradeCheck = 1500;
				TargetAttributes = {
					C2AF324D2C5D099800B5A315 = {
						CreatedOnToolsVersion = 15.0;
					};
				};
			};
			buildConfigurationList = C2AF32492C5D099800B5A315 /* Build configuration list for PBXProject "Apple-Music-Search-Chips-Demo" */;
			compatibilityVersion = "Xcode 14.0";
			developmentRegion = en;
			hasScannedForEncodings = 0;
			knownRegions = (
				en,
				Base,
			);
			mainGroup = C2AF32452C5D099800B5A315;
			productRefGroup = C2AF324F2C5D099800B5A315 /* Products */;
			projectDirPath = "";
			projectRoot = "";
			targets = (
				C2AF324D2C5D099800B5A315 /* Apple-Music-Search-Chips-Demo */,
			);
		};
/* End PBXProject section */

/* Begin PBXResourcesBuildPhase section */
		C2AF324C2C5D099800B5A315 /* Resources */ = {
			isa = PBXResourcesBuildPhase;
			buildActionMask = 2147483647;
			files = (
				C2AF325E2C5D099900B5A315 /* LaunchScreen.storyboard in Resources */,
				C2AF325B2C5D099900B5A315 /* Assets.xcassets in Resources */,
			);
			runOnlyForDeploymentPostprocessing = 0;
		};
/* End PBXResourcesBuildPhase section */

/* Begin PBXSourcesBuildPhase section */
		C2AF324A2C5D099800B5A315 /* Sources */ = {
			isa = PBXSourcesBuildPhase;
			buildActionMask = 2147483647;
			files = (
				C2B1EB242C8C4E0300871BB7 /* UISearchBar+ScopeBarContainerView.swift in Sources */,
				C2B1EB2A2C8C4E3700871BB7 /* UISegmentedControl+SetTitles.swift in Sources */,
				C2B1EB222C8C4DF200871BB7 /* UISearchBar+ScopeBar.swift in Sources */,
				C2B1EB2E2C8C4EA500871BB7 /* TaggedSearchBar.swift in Sources */,
				C2AF32562C5D099800B5A315 /* ViewController.swift in Sources */,
				C2AF32522C5D099800B5A315 /* AppDelegate.swift in Sources */,
				C2B1EB2C2C8C4E6A00871BB7 /* TaggedSearchController.swift in Sources */,
				C2AF32542C5D099800B5A315 /* SceneDelegate.swift in Sources */,
				C2B1EB272C8C4E1A00871BB7 /* TagsView.swift in Sources */,
			);
			runOnlyForDeploymentPostprocessing = 0;
		};
/* End PBXSourcesBuildPhase section */

/* Begin PBXVariantGroup section */
		C2AF325C2C5D099900B5A315 /* LaunchScreen.storyboard */ = {
			isa = PBXVariantGroup;
			children = (
				C2AF325D2C5D099900B5A315 /* Base */,
			);
			name = LaunchScreen.storyboard;
			sourceTree = "<group>";
		};
/* End PBXVariantGroup section */

/* Begin XCBuildConfiguration section */
		C2AF32602C5D099900B5A315 /* Debug */ = {
			isa = XCBuildConfiguration;
			buildSettings = {
				ALWAYS_SEARCH_USER_PATHS = NO;
				ASSETCATALOG_COMPILER_GENERATE_SWIFT_ASSET_SYMBOL_EXTENSIONS = YES;
				CLANG_ANALYZER_NONNULL = YES;
				CLANG_ANALYZER_NUMBER_OBJECT_CONVERSION = YES_AGGRESSIVE;
				CLANG_CXX_LANGUAGE_STANDARD = "gnu++20";
				CLANG_ENABLE_MODULES = YES;
				CLANG_ENABLE_OBJC_ARC = YES;
				CLANG_ENABLE_OBJC_WEAK = YES;
				CLANG_WARN_BLOCK_CAPTURE_AUTORELEASING = YES;
				CLANG_WARN_BOOL_CONVERSION = YES;
				CLANG_WARN_COMMA = YES;
				CLANG_WARN_CONSTANT_CONVERSION = YES;
				CLANG_WARN_DEPRECATED_OBJC_IMPLEMENTATIONS = YES;
				CLANG_WARN_DIRECT_OBJC_ISA_USAGE = YES_ERROR;
				CLANG_WARN_DOCUMENTATION_COMMENTS = YES;
				CLANG_WARN_EMPTY_BODY = YES;
				CLANG_WARN_ENUM_CONVERSION = YES;
				CLANG_WARN_INFINITE_RECURSION = YES;
				CLANG_WARN_INT_CONVERSION = YES;
				CLANG_WARN_NON_LITERAL_NULL_CONVERSION = YES;
				CLANG_WARN_OBJC_IMPLICIT_RETAIN_SELF = YES;
				CLANG_WARN_OBJC_LITERAL_CONVERSION = YES;
				CLANG_WARN_OBJC_ROOT_CLASS = YES_ERROR;
				CLANG_WARN_QUOTED_INCLUDE_IN_FRAMEWORK_HEADER = YES;
				CLANG_WARN_RANGE_LOOP_ANALYSIS = YES;
				CLANG_WARN_STRICT_PROTOTYPES = YES;
				CLANG_WARN_SUSPICIOUS_MOVE = YES;
				CLANG_WARN_UNGUARDED_AVAILABILITY = YES_AGGRESSIVE;
				CLANG_WARN_UNREACHABLE_CODE = YES;
				CLANG_WARN__DUPLICATE_METHOD_MATCH = YES;
				COPY_PHASE_STRIP = NO;
				DEBUG_INFORMATION_FORMAT = dwarf;
				ENABLE_STRICT_OBJC_MSGSEND = YES;
				ENABLE_TESTABILITY = YES;
				ENABLE_USER_SCRIPT_SANDBOXING = YES;
				GCC_C_LANGUAGE_STANDARD = gnu17;
				GCC_DYNAMIC_NO_PIC = NO;
				GCC_NO_COMMON_BLOCKS = YES;
				GCC_OPTIMIZATION_LEVEL = 0;
				GCC_PREPROCESSOR_DEFINITIONS = (
					"DEBUG=1",
					"$(inherited)",
				);
				GCC_WARN_64_TO_32_BIT_CONVERSION = YES;
				GCC_WARN_ABOUT_RETURN_TYPE = YES_ERROR;
				GCC_WARN_UNDECLARED_SELECTOR = YES;
				GCC_WARN_UNINITIALIZED_AUTOS = YES_AGGRESSIVE;
				GCC_WARN_UNUSED_FUNCTION = YES;
				GCC_WARN_UNUSED_VARIABLE = YES;
				IPHONEOS_DEPLOYMENT_TARGET = 17.0;
				LOCALIZATION_PREFERS_STRING_CATALOGS = YES;
				MTL_ENABLE_DEBUG_INFO = INCLUDE_SOURCE;
				MTL_FAST_MATH = YES;
				ONLY_ACTIVE_ARCH = YES;
				SDKROOT = iphoneos;
				SWIFT_ACTIVE_COMPILATION_CONDITIONS = "DEBUG $(inherited)";
				SWIFT_OPTIMIZATION_LEVEL = "-Onone";
			};
			name = Debug;
		};
		C2AF32612C5D099900B5A315 /* Release */ = {
			isa = XCBuildConfiguration;
			buildSettings = {
				ALWAYS_SEARCH_USER_PATHS = NO;
				ASSETCATALOG_COMPILER_GENERATE_SWIFT_ASSET_SYMBOL_EXTENSIONS = YES;
				CLANG_ANALYZER_NONNULL = YES;
				CLANG_ANALYZER_NUMBER_OBJECT_CONVERSION = YES_AGGRESSIVE;
				CLANG_CXX_LANGUAGE_STANDARD = "gnu++20";
				CLANG_ENABLE_MODULES = YES;
				CLANG_ENABLE_OBJC_ARC = YES;
				CLANG_ENABLE_OBJC_WEAK = YES;
				CLANG_WARN_BLOCK_CAPTURE_AUTORELEASING = YES;
				CLANG_WARN_BOOL_CONVERSION = YES;
				CLANG_WARN_COMMA = YES;
				CLANG_WARN_CONSTANT_CONVERSION = YES;
				CLANG_WARN_DEPRECATED_OBJC_IMPLEMENTATIONS = YES;
				CLANG_WARN_DIRECT_OBJC_ISA_USAGE = YES_ERROR;
				CLANG_WARN_DOCUMENTATION_COMMENTS = YES;
				CLANG_WARN_EMPTY_BODY = YES;
				CLANG_WARN_ENUM_CONVERSION = YES;
				CLANG_WARN_INFINITE_RECURSION = YES;
				CLANG_WARN_INT_CONVERSION = YES;
				CLANG_WARN_NON_LITERAL_NULL_CONVERSION = YES;
				CLANG_WARN_OBJC_IMPLICIT_RETAIN_SELF = YES;
				CLANG_WARN_OBJC_LITERAL_CONVERSION = YES;
				CLANG_WARN_OBJC_ROOT_CLASS = YES_ERROR;
				CLANG_WARN_QUOTED_INCLUDE_IN_FRAMEWORK_HEADER = YES;
				CLANG_WARN_RANGE_LOOP_ANALYSIS = YES;
				CLANG_WARN_STRICT_PROTOTYPES = YES;
				CLANG_WARN_SUSPICIOUS_MOVE = YES;
				CLANG_WARN_UNGUARDED_AVAILABILITY = YES_AGGRESSIVE;
				CLANG_WARN_UNREACHABLE_CODE = YES;
				CLANG_WARN__DUPLICATE_METHOD_MATCH = YES;
				COPY_PHASE_STRIP = NO;
				DEBUG_INFORMATION_FORMAT = "dwarf-with-dsym";
				ENABLE_NS_ASSERTIONS = NO;
				ENABLE_STRICT_OBJC_MSGSEND = YES;
				ENABLE_USER_SCRIPT_SANDBOXING = YES;
				GCC_C_LANGUAGE_STANDARD = gnu17;
				GCC_NO_COMMON_BLOCKS = YES;
				GCC_WARN_64_TO_32_BIT_CONVERSION = YES;
				GCC_WARN_ABOUT_RETURN_TYPE = YES_ERROR;
				GCC_WARN_UNDECLARED_SELECTOR = YES;
				GCC_WARN_UNINITIALIZED_AUTOS = YES_AGGRESSIVE;
				GCC_WARN_UNUSED_FUNCTION = YES;
				GCC_WARN_UNUSED_VARIABLE = YES;
				IPHONEOS_DEPLOYMENT_TARGET = 17.0;
				LOCALIZATION_PREFERS_STRING_CATALOGS = YES;
				MTL_ENABLE_DEBUG_INFO = NO;
				MTL_FAST_MATH = YES;
				SDKROOT = iphoneos;
				SWIFT_COMPILATION_MODE = wholemodule;
				VALIDATE_PRODUCT = YES;
			};
			name = Release;
		};
		C2AF32632C5D099900B5A315 /* Debug */ = {
			isa = XCBuildConfiguration;
			buildSettings = {
				ASSETCATALOG_COMPILER_APPICON_NAME = AppIcon;
				ASSETCATALOG_COMPILER_GLOBAL_ACCENT_COLOR_NAME = AccentColor;
				CODE_SIGN_STYLE = Automatic;
				CURRENT_PROJECT_VERSION = 1;
				DEVELOPMENT_TEAM = DY2GQFY855;
				GENERATE_INFOPLIST_FILE = YES;
				INFOPLIST_FILE = "Apple-Music-Search-Chips-Demo/Supporting Files/Info.plist";
				INFOPLIST_KEY_UIApplicationSupportsIndirectInputEvents = YES;
				INFOPLIST_KEY_UILaunchStoryboardName = LaunchScreen;
				INFOPLIST_KEY_UISupportedInterfaceOrientations_iPad = "UIInterfaceOrientationPortrait UIInterfaceOrientationPortraitUpsideDown UIInterfaceOrientationLandscapeLeft UIInterfaceOrientationLandscapeRight";
				INFOPLIST_KEY_UISupportedInterfaceOrientations_iPhone = "UIInterfaceOrientationPortrait UIInterfaceOrientationLandscapeLeft UIInterfaceOrientationLandscapeRight";
				LD_RUNPATH_SEARCH_PATHS = (
					"$(inherited)",
					"@executable_path/Frameworks",
				);
				MARKETING_VERSION = 1.0;
				PRODUCT_BUNDLE_IDENTIFIER = "com.sebvidal.Apple-Music-Search-Chips-Demo";
				PRODUCT_NAME = "$(TARGET_NAME)";
				SWIFT_EMIT_LOC_STRINGS = YES;
				SWIFT_VERSION = 5.0;
				TARGETED_DEVICE_FAMILY = "1,2";
			};
			name = Debug;
		};
		C2AF32642C5D099900B5A315 /* Release */ = {
			isa = XCBuildConfiguration;
			buildSettings = {
				ASSETCATALOG_COMPILER_APPICON_NAME = AppIcon;
				ASSETCATALOG_COMPILER_GLOBAL_ACCENT_COLOR_NAME = AccentColor;
				CODE_SIGN_STYLE = Automatic;
				CURRENT_PROJECT_VERSION = 1;
				DEVELOPMENT_TEAM = DY2GQFY855;
				GENERATE_INFOPLIST_FILE = YES;
				INFOPLIST_FILE = "Apple-Music-Search-Chips-Demo/Supporting Files/Info.plist";
				INFOPLIST_KEY_UIApplicationSupportsIndirectInputEvents = YES;
				INFOPLIST_KEY_UILaunchStoryboardName = LaunchScreen;
				INFOPLIST_KEY_UISupportedInterfaceOrientations_iPad = "UIInterfaceOrientationPortrait UIInterfaceOrientationPortraitUpsideDown UIInterfaceOrientationLandscapeLeft UIInterfaceOrientationLandscapeRight";
				INFOPLIST_KEY_UISupportedInterfaceOrientations_iPhone = "UIInterfaceOrientationPortrait UIInterfaceOrientationLandscapeLeft UIInterfaceOrientationLandscapeRight";
				LD_RUNPATH_SEARCH_PATHS = (
					"$(inherited)",
					"@executable_path/Frameworks",
				);
				MARKETING_VERSION = 1.0;
				PRODUCT_BUNDLE_IDENTIFIER = "com.sebvidal.Apple-Music-Search-Chips-Demo";
				PRODUCT_NAME = "$(TARGET_NAME)";
				SWIFT_EMIT_LOC_STRINGS = YES;
				SWIFT_VERSION = 5.0;
				TARGETED_DEVICE_FAMILY = "1,2";
			};
			name = Release;
		};
/* End XCBuildConfiguration section */

/* Begin XCConfigurationList section */
		C2AF32492C5D099800B5A315 /* Build configuration list for PBXProject "Apple-Music-Search-Chips-Demo" */ = {
			isa = XCConfigurationList;
			buildConfigurations = (
				C2AF32602C5D099900B5A315 /* Debug */,
				C2AF32612C5D099900B5A315 /* Release */,
			);
			defaultConfigurationIsVisible = 0;
			defaultConfigurationName = Release;
		};
		C2AF32622C5D099900B5A315 /* Build configuration list for PBXNativeTarget "Apple-Music-Search-Chips-Demo" */ = {
			isa = XCConfigurationList;
			buildConfigurations = (
				C2AF32632C5D099900B5A315 /* Debug */,
				C2AF32642C5D099900B5A315 /* Release */,
			);
			defaultConfigurationIsVisible = 0;
			defaultConfigurationName = Release;
		};
/* End XCConfigurationList section */
	};
	rootObject = C2AF32462C5D099800B5A315 /* Project object */;
}
